
Microsoft Visual Studio Solution File, Format Version 12.00
# Visual Studio Version 16
VisualStudioVersion = 16.0.30503.244
MinimumVisualStudioVersion = 10.0.40219.1
Project("{FAE04EC0-301F-11D3-BF4B-00C04F79EFBC}") = "Labeler", "Labeler\Labeler.csproj", "{89E16FAC-367A-4FD9-B9EC-2CB2357108A3}"
EndProject
Global
	GlobalSection(SolutionConfigurationPlatforms) = preSolution
		Debug|Any CPU = Debug|Any CPU
		Release|Any CPU = Release|Any CPU
	EndGlobalSection
	GlobalSection(ProjectConfigurationPlatforms) = postSolution
		{89E16FAC-367A-4FD9-B9EC-2CB2357108A3}.Debug|Any CPU.ActiveCfg = Debug|Any CPU
		{89E16FAC-367A-4FD9-B9EC-2CB2357108A3}.Debug|Any CPU.Build.0 = Debug|Any CPU
		{89E16FAC-367A-4FD9-B9EC-2CB2357108A3}.Release|Any CPU.ActiveCfg = Release|Any CPU
		{89E16FAC-367A-4FD9-B9EC-2CB2357108A3}.Release|Any CPU.Build.0 = Release|Any CPU
	EndGlobalSection
	GlobalSection(SolutionProperties) = preSolution
		HideSolutionNode = FALSE
	EndGlobalSection
	GlobalSection(ExtensibilityGlobals) = postSolution
		SolutionGuid = {5A090834-247B-48F9-B5EB-8615F5A4F7D1}
	EndGlobalSection
EndGlobal
